
Microsoft Visual Studio Solution File, Format Version 12.00
# Visual Studio Version 17
VisualStudioVersion = 17.0.31903.59
MinimumVisualStudioVersion = 10.0.40219.1
Project("{9A19103F-16F7-4668-BE54-9A1E7A4F7556}") = "Invasion.Core", "Invasion.Core\Invasion.Core.csproj", "{A45EACC4-CB87-439D-90C4-27C93BB19C2C}"
EndProject
Project("{9A19103F-16F7-4668-BE54-9A1E7A4F7556}") = "Invasion.Models", "Invasion.Models\Invasion.Models.csproj", "{9830F119-5ED7-4CE4-8978-10D144BC0EDA}"
EndProject
Project("{9A19103F-16F7-4668-BE54-9A1E7A4F7556}") = "Invasion.Engine", "Invasion.Engine\Invasion.Engine.csproj", "{AFB9CD48-7AB6-45A4-8AF8-2321FE47FE8D}"
EndProject
Project("{9A19103F-16F7-4668-BE54-9A1E7A4F7556}") = "Invasion.View", "Invasion.View\Invasion.View.csproj", "{AF2410F7-4A5B-4791-801D-457DBDD6D138}"
EndProject
Project("{9A19103F-16F7-4668-BE54-9A1E7A4F7556}") = "Invasion.Controller", "Invasion.Controller\Invasion.Controller.csproj", "{33FBB539-EE92-45DD-B4FF-345F4AA138EC}"
EndProject
Project("{FAE04EC0-301F-11D3-BF4B-00C04F79EFBC}") = "Invasion.CompositeRoot", "Invasion.CompositeRoot\Invasion.CompositeRoot.csproj", "{06EA49B5-A774-4D7E-AE4B-95268FDB80EC}"
EndProject
Project("{FAE04EC0-301F-11D3-BF4B-00C04F79EFBC}") = "ConsoleApp1", "ConsoleApp1\ConsoleApp1.csproj", "{7492E718-F43E-4F24-B0B1-DB9A5B2BAA6E}"
EndProject
Global
	GlobalSection(SolutionConfigurationPlatforms) = preSolution
		Debug|Any CPU = Debug|Any CPU
		Release|Any CPU = Release|Any CPU
	EndGlobalSection
	GlobalSection(ProjectConfigurationPlatforms) = postSolution
		{A45EACC4-CB87-439D-90C4-27C93BB19C2C}.Debug|Any CPU.ActiveCfg = Debug|Any CPU
		{A45EACC4-CB87-439D-90C4-27C93BB19C2C}.Debug|Any CPU.Build.0 = Debug|Any CPU
		{A45EACC4-CB87-439D-90C4-27C93BB19C2C}.Release|Any CPU.ActiveCfg = Release|Any CPU
		{A45EACC4-CB87-439D-90C4-27C93BB19C2C}.Release|Any CPU.Build.0 = Release|Any CPU
		{9830F119-5ED7-4CE4-8978-10D144BC0EDA}.Debug|Any CPU.ActiveCfg = Debug|Any CPU
		{9830F119-5ED7-4CE4-8978-10D144BC0EDA}.Debug|Any CPU.Build.0 = Debug|Any CPU
		{9830F119-5ED7-4CE4-8978-10D144BC0EDA}.Release|Any CPU.ActiveCfg = Release|Any CPU
		{9830F119-5ED7-4CE4-8978-10D144BC0EDA}.Release|Any CPU.Build.0 = Release|Any CPU
		{AFB9CD48-7AB6-45A4-8AF8-2321FE47FE8D}.Debug|Any CPU.ActiveCfg = Debug|Any CPU
		{AFB9CD48-7AB6-45A4-8AF8-2321FE47FE8D}.Debug|Any CPU.Build.0 = Debug|Any CPU
		{AFB9CD48-7AB6-45A4-8AF8-2321FE47FE8D}.Release|Any CPU.ActiveCfg = Release|Any CPU
		{AFB9CD48-7AB6-45A4-8AF8-2321FE47FE8D}.Release|Any CPU.Build.0 = Release|Any CPU
		{AF2410F7-4A5B-4791-801D-457DBDD6D138}.Debug|Any CPU.ActiveCfg = Debug|Any CPU
		{AF2410F7-4A5B-4791-801D-457DBDD6D138}.Debug|Any CPU.Build.0 = Debug|Any CPU
		{AF2410F7-4A5B-4791-801D-457DBDD6D138}.Release|Any CPU.ActiveCfg = Release|Any CPU
		{AF2410F7-4A5B-4791-801D-457DBDD6D138}.Release|Any CPU.Build.0 = Release|Any CPU
		{33FBB539-EE92-45DD-B4FF-345F4AA138EC}.Debug|Any CPU.ActiveCfg = Debug|Any CPU
		{33FBB539-EE92-45DD-B4FF-345F4AA138EC}.Debug|Any CPU.Build.0 = Debug|Any CPU
		{33FBB539-EE92-45DD-B4FF-345F4AA138EC}.Release|Any CPU.ActiveCfg = Release|Any CPU
		{33FBB539-EE92-45DD-B4FF-345F4AA138EC}.Release|Any CPU.Build.0 = Release|Any CPU
		{06EA49B5-A774-4D7E-AE4B-95268FDB80EC}.Debug|Any CPU.ActiveCfg = Debug|Any CPU
		{06EA49B5-A774-4D7E-AE4B-95268FDB80EC}.Debug|Any CPU.Build.0 = Debug|Any CPU
		{06EA49B5-A774-4D7E-AE4B-95268FDB80EC}.Release|Any CPU.ActiveCfg = Release|Any CPU
		{06EA49B5-A774-4D7E-AE4B-95268FDB80EC}.Release|Any CPU.Build.0 = Release|Any CPU
		{7492E718-F43E-4F24-B0B1-DB9A5B2BAA6E}.Debug|Any CPU.ActiveCfg = Debug|Any CPU
		{7492E718-F43E-4F24-B0B1-DB9A5B2BAA6E}.Debug|Any CPU.Build.0 = Debug|Any CPU
		{7492E718-F43E-4F24-B0B1-DB9A5B2BAA6E}.Release|Any CPU.ActiveCfg = Release|Any CPU
		{7492E718-F43E-4F24-B0B1-DB9A5B2BAA6E}.Release|Any CPU.Build.0 = Release|Any CPU
	EndGlobalSection
	GlobalSection(SolutionProperties) = preSolution
		HideSolutionNode = FALSE
	EndGlobalSection
	GlobalSection(ExtensibilityGlobals) = postSolution
		SolutionGuid = {71D3391B-6372-4AE6-9060-3AED7300B72A}
	EndGlobalSection
EndGlobal
